
Microsoft Visual Studio Solution File, Format Version 12.00
# Visual Studio Version 17
VisualStudioVersion = 17.5.33516.290
MinimumVisualStudioVersion = 10.0.40219.1
Project("{FAE04EC0-301F-11D3-BF4B-00C04F79EFBC}") = "CustomerTransaction_History", "CustomerTransaction_History\CustomerTransaction_History.csproj", "{7384175D-B1BC-4C76-A4ED-BD574F818D73}"
EndProject
Global
	GlobalSection(SolutionConfigurationPlatforms) = preSolution
		Debug|Any CPU = Debug|Any CPU
		Release|Any CPU = Release|Any CPU
	EndGlobalSection
	GlobalSection(ProjectConfigurationPlatforms) = postSolution
		{7384175D-B1BC-4C76-A4ED-BD574F818D73}.Debug|Any CPU.ActiveCfg = Debug|Any CPU
		{7384175D-B1BC-4C76-A4ED-BD574F818D73}.Debug|Any CPU.Build.0 = Debug|Any CPU
		{7384175D-B1BC-4C76-A4ED-BD574F818D73}.Release|Any CPU.ActiveCfg = Release|Any CPU
		{7384175D-B1BC-4C76-A4ED-BD574F818D73}.Release|Any CPU.Build.0 = Release|Any CPU
	EndGlobalSection
	GlobalSection(SolutionProperties) = preSolution
		HideSolutionNode = FALSE
	EndGlobalSection
	GlobalSection(ExtensibilityGlobals) = postSolution
		SolutionGuid = {5AEB1CA7-3DE2-4455-943D-894E9405ABCC}
	EndGlobalSection
EndGlobal
